{
  "name": "xk6-browser-example",
  "version": "1.0.0",
  "lockfileVersion": 2,
  "requires": true,
  "packages": {
    "": {
      "name": "xk6-browser-example",
      "version": "1.0.0",
      "license": "ISC",
      "devDependencies": {
        "@types/k6": "^0.37.1"
      }
    },
    "node_modules/@types/k6": {
      "version": "0.37.1",
      "resolved": "https://registry.npmjs.org/@types/k6/-/k6-0.37.1.tgz",
      "integrity": "sha512-+FksZAlA+JnDYgOiElQa7+KlUGmzoElRNqRnGB4ICPHbBR6EIqcl81Tdhe1b9dT8M2QVTtQY7++FTHNpIQVFMg==",
      "dev": true
    }
  },
  "dependencies": {
    "@types/k6": {
      "version": "0.37.1",
      "resolved": "https://registry.npmjs.org/@types/k6/-/k6-0.37.1.tgz",
      "integrity": "sha512-+FksZAlA+JnDYgOiElQa7+KlUGmzoElRNqRnGB4ICPHbBR6EIqcl81Tdhe1b9dT8M2QVTtQY7++FTHNpIQVFMg==",
      "dev": true
    }
  }
}
